
Microsoft Visual Studio Solution File, Format Version 12.00
# Visual Studio Version 16
VisualStudioVersion = 16.0.32002.261
MinimumVisualStudioVersion = 10.0.40219.1
Project("{FAE04EC0-301F-11D3-BF4B-00C04F79EFBC}") = "Calculator", "Calculator\Calculator.csproj", "{98CFFE58-467A-449E-AB1A-1EDE73BC5E6A}"
EndProject
Global
	GlobalSection(SolutionConfigurationPlatforms) = preSolution
		Debug|Any CPU = Debug|Any CPU
		Release|Any CPU = Release|Any CPU
	EndGlobalSection
	GlobalSection(ProjectConfigurationPlatforms) = postSolution
		{98CFFE58-467A-449E-AB1A-1EDE73BC5E6A}.Debug|Any CPU.ActiveCfg = Debug|Any CPU
		{98CFFE58-467A-449E-AB1A-1EDE73BC5E6A}.Debug|Any CPU.Build.0 = Debug|Any CPU
		{98CFFE58-467A-449E-AB1A-1EDE73BC5E6A}.Release|Any CPU.ActiveCfg = Release|Any CPU
		{98CFFE58-467A-449E-AB1A-1EDE73BC5E6A}.Release|Any CPU.Build.0 = Release|Any CPU
	EndGlobalSection
	GlobalSection(SolutionProperties) = preSolution
		HideSolutionNode = FALSE
	EndGlobalSection
	GlobalSection(ExtensibilityGlobals) = postSolution
		SolutionGuid = {3860A704-FD73-4C4A-8EE5-B1D8E49573D8}
	EndGlobalSection
EndGlobal
